
Microsoft Visual Studio Solution File, Format Version 12.00
# Visual Studio Version 17
VisualStudioVersion = 17.1.32328.378
MinimumVisualStudioVersion = 10.0.40219.1
Project("{9A19103F-16F7-4668-BE54-9A1E7A4F7556}") = "Tortik", "Tortik\Tortik.csproj", "{595CCCCD-CCB7-4169-8206-DBA285798CDF}"
EndProject
Global
	GlobalSection(SolutionConfigurationPlatforms) = preSolution
		Debug|Any CPU = Debug|Any CPU
		Release|Any CPU = Release|Any CPU
	EndGlobalSection
	GlobalSection(ProjectConfigurationPlatforms) = postSolution
		{595CCCCD-CCB7-4169-8206-DBA285798CDF}.Debug|Any CPU.ActiveCfg = Debug|Any CPU
		{595CCCCD-CCB7-4169-8206-DBA285798CDF}.Debug|Any CPU.Build.0 = Debug|Any CPU
		{595CCCCD-CCB7-4169-8206-DBA285798CDF}.Release|Any CPU.ActiveCfg = Release|Any CPU
		{595CCCCD-CCB7-4169-8206-DBA285798CDF}.Release|Any CPU.Build.0 = Release|Any CPU
	EndGlobalSection
	GlobalSection(SolutionProperties) = preSolution
		HideSolutionNode = FALSE
	EndGlobalSection
	GlobalSection(ExtensibilityGlobals) = postSolution
		SolutionGuid = {B956EE62-2492-4808-96D6-FC817E44DBAD}
	EndGlobalSection
EndGlobal
